
Microsoft Visual Studio Solution File, Format Version 12.00
# Visual Studio Version 17
VisualStudioVersion = 17.2.32630.192
MinimumVisualStudioVersion = 10.0.40219.1
Project("{9A19103F-16F7-4668-BE54-9A1E7A4F7556}") = "R5T.F0036", "R5T.F0036\R5T.F0036.csproj", "{33674905-0C71-4312-BE13-89E57CB63D62}"
EndProject
Project("{9A19103F-16F7-4668-BE54-9A1E7A4F7556}") = "R5T.F0036.Construction", "R5T.F0036.Construction\R5T.F0036.Construction.csproj", "{EDAB8A0D-7F17-4367-BDA4-9EAB411C4A87}"
EndProject
Project("{2150E333-8FDC-42A3-9474-1A3956D46DE8}") = "_Dependencies", "_Dependencies", "{C53B6521-B36E-4079-950D-C27CB89B9417}"
EndProject
Project("{9A19103F-16F7-4668-BE54-9A1E7A4F7556}") = "R5T.NG0002", "..\..\R5T.NG0002\source\R5T.NG0002\R5T.NG0002.csproj", "{DF049627-D986-4071-8907-8B9230B0BA8A}"
EndProject
Project("{9A19103F-16F7-4668-BE54-9A1E7A4F7556}") = "R5T.F0036.T000", "R5T.F0036.T000\R5T.F0036.T000.csproj", "{50B46315-3298-4619-8C4C-939AE1C4009E}"
EndProject
Project("{9A19103F-16F7-4668-BE54-9A1E7A4F7556}") = "R5T.T0142", "..\..\R5T.T0142\source\R5T.T0142\R5T.T0142.csproj", "{89D4B328-C593-47EB-A28C-5FEFAD664573}"
EndProject
Project("{9A19103F-16F7-4668-BE54-9A1E7A4F7556}") = "R5T.T0132", "..\..\R5T.T0132\source\R5T.T0132\R5T.T0132.csproj", "{5698207F-7C0A-48E7-9247-C094B3573564}"
EndProject
Project("{9A19103F-16F7-4668-BE54-9A1E7A4F7556}") = "R5T.F0028", "..\..\R5T.F0028\source\R5T.F0028\R5T.F0028.csproj", "{28627406-C9F0-41F5-B329-9384EE8A3F18}"
EndProject
Project("{9A19103F-16F7-4668-BE54-9A1E7A4F7556}") = "R5T.F0036.F001", "R5T.F0036.F001\R5T.F0036.F001.csproj", "{BEAE03F2-820F-46E7-977D-EB481632F104}"
EndProject
Project("{9A19103F-16F7-4668-BE54-9A1E7A4F7556}") = "R5T.F0036.F000", "R5T.F0036.F000\R5T.F0036.F000.csproj", "{67798BDC-4A91-4CD7-A4F3-C8772A52D7DC}"
EndProject
Project("{9A19103F-16F7-4668-BE54-9A1E7A4F7556}") = "R5T.T0147.T000", "..\..\R5T.T0147\source\R5T.T0147.T000\R5T.T0147.T000.csproj", "{21114553-C679-4024-BCEC-99D963CAA507}"
EndProject
Project("{9A19103F-16F7-4668-BE54-9A1E7A4F7556}") = "R5T.F0036.F002", "R5T.F0036.F002\R5T.F0036.F002.csproj", "{85EC7B54-5D76-458A-AF1B-BD46D6EF6375}"
EndProject
Project("{9A19103F-16F7-4668-BE54-9A1E7A4F7556}") = "R5T.T0143", "..\..\R5T.T0143\source\R5T.T0143\R5T.T0143.csproj", "{DF9266F3-01F6-4BDC-A317-95E0176CD654}"
EndProject
Global
	GlobalSection(SolutionConfigurationPlatforms) = preSolution
		Debug|Any CPU = Debug|Any CPU
		Release|Any CPU = Release|Any CPU
	EndGlobalSection
	GlobalSection(ProjectConfigurationPlatforms) = postSolution
		{33674905-0C71-4312-BE13-89E57CB63D62}.Debug|Any CPU.ActiveCfg = Debug|Any CPU
		{33674905-0C71-4312-BE13-89E57CB63D62}.Debug|Any CPU.Build.0 = Debug|Any CPU
		{33674905-0C71-4312-BE13-89E57CB63D62}.Release|Any CPU.ActiveCfg = Release|Any CPU
		{33674905-0C71-4312-BE13-89E57CB63D62}.Release|Any CPU.Build.0 = Release|Any CPU
		{EDAB8A0D-7F17-4367-BDA4-9EAB411C4A87}.Debug|Any CPU.ActiveCfg = Debug|Any CPU
		{EDAB8A0D-7F17-4367-BDA4-9EAB411C4A87}.Debug|Any CPU.Build.0 = Debug|Any CPU
		{EDAB8A0D-7F17-4367-BDA4-9EAB411C4A87}.Release|Any CPU.ActiveCfg = Release|Any CPU
		{EDAB8A0D-7F17-4367-BDA4-9EAB411C4A87}.Release|Any CPU.Build.0 = Release|Any CPU
		{DF049627-D986-4071-8907-8B9230B0BA8A}.Debug|Any CPU.ActiveCfg = Debug|Any CPU
		{DF049627-D986-4071-8907-8B9230B0BA8A}.Debug|Any CPU.Build.0 = Debug|Any CPU
		{DF049627-D986-4071-8907-8B9230B0BA8A}.Release|Any CPU.ActiveCfg = Release|Any CPU
		{DF049627-D986-4071-8907-8B9230B0BA8A}.Release|Any CPU.Build.0 = Release|Any CPU
		{50B46315-3298-4619-8C4C-939AE1C4009E}.Debug|Any CPU.ActiveCfg = Debug|Any CPU
		{50B46315-3298-4619-8C4C-939AE1C4009E}.Debug|Any CPU.Build.0 = Debug|Any CPU
		{50B46315-3298-4619-8C4C-939AE1C4009E}.Release|Any CPU.ActiveCfg = Release|Any CPU
		{50B46315-3298-4619-8C4C-939AE1C4009E}.Release|Any CPU.Build.0 = Release|Any CPU
		{89D4B328-C593-47EB-A28C-5FEFAD664573}.Debug|Any CPU.ActiveCfg = Debug|Any CPU
		{89D4B328-C593-47EB-A28C-5FEFAD664573}.Debug|Any CPU.Build.0 = Debug|Any CPU
		{89D4B328-C593-47EB-A28C-5FEFAD664573}.Release|Any CPU.ActiveCfg = Release|Any CPU
		{89D4B328-C593-47EB-A28C-5FEFAD664573}.Release|Any CPU.Build.0 = Release|Any CPU
		{5698207F-7C0A-48E7-9247-C094B3573564}.Debug|Any CPU.ActiveCfg = Debug|Any CPU
		{5698207F-7C0A-48E7-9247-C094B3573564}.Debug|Any CPU.Build.0 = Debug|Any CPU
		{5698207F-7C0A-48E7-9247-C094B3573564}.Release|Any CPU.ActiveCfg = Release|Any CPU
		{5698207F-7C0A-48E7-9247-C094B3573564}.Release|Any CPU.Build.0 = Release|Any CPU
		{28627406-C9F0-41F5-B329-9384EE8A3F18}.Debug|Any CPU.ActiveCfg = Debug|Any CPU
		{28627406-C9F0-41F5-B329-9384EE8A3F18}.Debug|Any CPU.Build.0 = Debug|Any CPU
		{28627406-C9F0-41F5-B329-9384EE8A3F18}.Release|Any CPU.ActiveCfg = Release|Any CPU
		{28627406-C9F0-41F5-B329-9384EE8A3F18}.Release|Any CPU.Build.0 = Release|Any CPU
		{BEAE03F2-820F-46E7-977D-EB481632F104}.Debug|Any CPU.ActiveCfg = Debug|Any CPU
		{BEAE03F2-820F-46E7-977D-EB481632F104}.Debug|Any CPU.Build.0 = Debug|Any CPU
		{BEAE03F2-820F-46E7-977D-EB481632F104}.Release|Any CPU.ActiveCfg = Release|Any CPU
		{BEAE03F2-820F-46E7-977D-EB481632F104}.Release|Any CPU.Build.0 = Release|Any CPU
		{67798BDC-4A91-4CD7-A4F3-C8772A52D7DC}.Debug|Any CPU.ActiveCfg = Debug|Any CPU
		{67798BDC-4A91-4CD7-A4F3-C8772A52D7DC}.Debug|Any CPU.Build.0 = Debug|Any CPU
		{67798BDC-4A91-4CD7-A4F3-C8772A52D7DC}.Release|Any CPU.ActiveCfg = Release|Any CPU
		{67798BDC-4A91-4CD7-A4F3-C8772A52D7DC}.Release|Any CPU.Build.0 = Release|Any CPU
		{21114553-C679-4024-BCEC-99D963CAA507}.Debug|Any CPU.ActiveCfg = Debug|Any CPU
		{21114553-C679-4024-BCEC-99D963CAA507}.Debug|Any CPU.Build.0 = Debug|Any CPU
		{21114553-C679-4024-BCEC-99D963CAA507}.Release|Any CPU.ActiveCfg = Release|Any CPU
		{21114553-C679-4024-BCEC-99D963CAA507}.Release|Any CPU.Build.0 = Release|Any CPU
		{85EC7B54-5D76-458A-AF1B-BD46D6EF6375}.Debug|Any CPU.ActiveCfg = Debug|Any CPU
		{85EC7B54-5D76-458A-AF1B-BD46D6EF6375}.Debug|Any CPU.Build.0 = Debug|Any CPU
		{85EC7B54-5D76-458A-AF1B-BD46D6EF6375}.Release|Any CPU.ActiveCfg = Release|Any CPU
		{85EC7B54-5D76-458A-AF1B-BD46D6EF6375}.Release|Any CPU.Build.0 = Release|Any CPU
		{DF9266F3-01F6-4BDC-A317-95E0176CD654}.Debug|Any CPU.ActiveCfg = Debug|Any CPU
		{DF9266F3-01F6-4BDC-A317-95E0176CD654}.Debug|Any CPU.Build.0 = Debug|Any CPU
		{DF9266F3-01F6-4BDC-A317-95E0176CD654}.Release|Any CPU.ActiveCfg = Release|Any CPU
		{DF9266F3-01F6-4BDC-A317-95E0176CD654}.Release|Any CPU.Build.0 = Release|Any CPU
	EndGlobalSection
	GlobalSection(SolutionProperties) = preSolution
		HideSolutionNode = FALSE
	EndGlobalSection
	GlobalSection(NestedProjects) = preSolution
		{DF049627-D986-4071-8907-8B9230B0BA8A} = {C53B6521-B36E-4079-950D-C27CB89B9417}
		{89D4B328-C593-47EB-A28C-5FEFAD664573} = {C53B6521-B36E-4079-950D-C27CB89B9417}
		{5698207F-7C0A-48E7-9247-C094B3573564} = {C53B6521-B36E-4079-950D-C27CB89B9417}
		{28627406-C9F0-41F5-B329-9384EE8A3F18} = {C53B6521-B36E-4079-950D-C27CB89B9417}
		{21114553-C679-4024-BCEC-99D963CAA507} = {C53B6521-B36E-4079-950D-C27CB89B9417}
		{DF9266F3-01F6-4BDC-A317-95E0176CD654} = {C53B6521-B36E-4079-950D-C27CB89B9417}
	EndGlobalSection
	GlobalSection(ExtensibilityGlobals) = postSolution
		SolutionGuid = {84B43BAB-1C4B-4F38-966C-08D42C728B7C}
	EndGlobalSection
EndGlobal
